
Microsoft Visual Studio Solution File, Format Version 12.00
# Visual Studio Version 17
VisualStudioVersion = 17.9.34728.123
MinimumVisualStudioVersion = 10.0.40219.1
Project("{9A19103F-16F7-4668-BE54-9A1E7A4F7556}") = "NguyenQuangTrungWPF", "NguyenQuangTrungWPF\NguyenQuangTrungWPF.csproj", "{D85519F1-1B1F-4401-9D60-719A4291F627}"
EndProject
Project("{FAE04EC0-301F-11D3-BF4B-00C04F79EFBC}") = "FUHotelManageLibrary", "FUHotelManageLibrary\FUHotelManageLibrary.csproj", "{B9407D21-B7BA-4023-AB48-23F0BBBD8581}"
EndProject
Global
	GlobalSection(SolutionConfigurationPlatforms) = preSolution
		Debug|Any CPU = Debug|Any CPU
		Release|Any CPU = Release|Any CPU
	EndGlobalSection
	GlobalSection(ProjectConfigurationPlatforms) = postSolution
		{D85519F1-1B1F-4401-9D60-719A4291F627}.Debug|Any CPU.ActiveCfg = Debug|Any CPU
		{D85519F1-1B1F-4401-9D60-719A4291F627}.Debug|Any CPU.Build.0 = Debug|Any CPU
		{D85519F1-1B1F-4401-9D60-719A4291F627}.Release|Any CPU.ActiveCfg = Release|Any CPU
		{D85519F1-1B1F-4401-9D60-719A4291F627}.Release|Any CPU.Build.0 = Release|Any CPU
		{B9407D21-B7BA-4023-AB48-23F0BBBD8581}.Debug|Any CPU.ActiveCfg = Debug|Any CPU
		{B9407D21-B7BA-4023-AB48-23F0BBBD8581}.Debug|Any CPU.Build.0 = Debug|Any CPU
		{B9407D21-B7BA-4023-AB48-23F0BBBD8581}.Release|Any CPU.ActiveCfg = Release|Any CPU
		{B9407D21-B7BA-4023-AB48-23F0BBBD8581}.Release|Any CPU.Build.0 = Release|Any CPU
	EndGlobalSection
	GlobalSection(SolutionProperties) = preSolution
		HideSolutionNode = FALSE
	EndGlobalSection
	GlobalSection(ExtensibilityGlobals) = postSolution
		SolutionGuid = {EB01B702-0B97-4E3C-8025-2FB5675B3D5A}
	EndGlobalSection
EndGlobal
