
Microsoft Visual Studio Solution File, Format Version 12.00
# Visual Studio Version 17
VisualStudioVersion = 17.9.34728.123
MinimumVisualStudioVersion = 10.0.40219.1
Project("{FAE04EC0-301F-11D3-BF4B-00C04F79EFBC}") = "EX1_OOP", "EX1_OOP\EX1_OOP.csproj", "{780DA13F-6036-4D81-90A9-6434A8416C5E}"
EndProject
Global
	GlobalSection(SolutionConfigurationPlatforms) = preSolution
		Debug|Any CPU = Debug|Any CPU
		Release|Any CPU = Release|Any CPU
	EndGlobalSection
	GlobalSection(ProjectConfigurationPlatforms) = postSolution
		{780DA13F-6036-4D81-90A9-6434A8416C5E}.Debug|Any CPU.ActiveCfg = Debug|Any CPU
		{780DA13F-6036-4D81-90A9-6434A8416C5E}.Debug|Any CPU.Build.0 = Debug|Any CPU
		{780DA13F-6036-4D81-90A9-6434A8416C5E}.Release|Any CPU.ActiveCfg = Release|Any CPU
		{780DA13F-6036-4D81-90A9-6434A8416C5E}.Release|Any CPU.Build.0 = Release|Any CPU
	EndGlobalSection
	GlobalSection(SolutionProperties) = preSolution
		HideSolutionNode = FALSE
	EndGlobalSection
	GlobalSection(ExtensibilityGlobals) = postSolution
		SolutionGuid = {6B5ADC16-7703-40E1-BF2C-5514C04D28EA}
	EndGlobalSection
EndGlobal
