
Microsoft Visual Studio Solution File, Format Version 12.00
# Visual Studio Version 17
VisualStudioVersion = 17.9.34728.123
MinimumVisualStudioVersion = 10.0.40219.1
Project("{FAE04EC0-301F-11D3-BF4B-00C04F79EFBC}") = "Week2_EX2_OOP", "Week2_EX2_OOP\Week2_EX2_OOP.csproj", "{0419DF7C-A1CA-42D3-B509-92BD4975E8E8}"
EndProject
Global
	GlobalSection(SolutionConfigurationPlatforms) = preSolution
		Debug|Any CPU = Debug|Any CPU
		Release|Any CPU = Release|Any CPU
	EndGlobalSection
	GlobalSection(ProjectConfigurationPlatforms) = postSolution
		{0419DF7C-A1CA-42D3-B509-92BD4975E8E8}.Debug|Any CPU.ActiveCfg = Debug|Any CPU
		{0419DF7C-A1CA-42D3-B509-92BD4975E8E8}.Debug|Any CPU.Build.0 = Debug|Any CPU
		{0419DF7C-A1CA-42D3-B509-92BD4975E8E8}.Release|Any CPU.ActiveCfg = Release|Any CPU
		{0419DF7C-A1CA-42D3-B509-92BD4975E8E8}.Release|Any CPU.Build.0 = Release|Any CPU
	EndGlobalSection
	GlobalSection(SolutionProperties) = preSolution
		HideSolutionNode = FALSE
	EndGlobalSection
	GlobalSection(ExtensibilityGlobals) = postSolution
		SolutionGuid = {2A14C3D2-0BE4-44FE-AAA6-F65E34F2C2A7}
	EndGlobalSection
EndGlobal
