
Microsoft Visual Studio Solution File, Format Version 12.00
# Visual Studio Version 17
VisualStudioVersion = 17.9.34728.123
MinimumVisualStudioVersion = 10.0.40219.1
Project("{9A19103F-16F7-4668-BE54-9A1E7A4F7556}") = "NguyenQuangTrungWPF", "NguyenQuangTrungWPF\NguyenQuangTrungWPF.csproj", "{F37E603C-6F72-421D-8BAD-255E4EA77C78}"
EndProject
Project("{FAE04EC0-301F-11D3-BF4B-00C04F79EFBC}") = "FUHotelManageLibrary", "FUHotelManageLibrary\FUHotelManageLibrary.csproj", "{FEA59478-71F6-41AC-A0BB-0FE8F1C195D9}"
EndProject
Global
	GlobalSection(SolutionConfigurationPlatforms) = preSolution
		Debug|Any CPU = Debug|Any CPU
		Release|Any CPU = Release|Any CPU
	EndGlobalSection
	GlobalSection(ProjectConfigurationPlatforms) = postSolution
		{F37E603C-6F72-421D-8BAD-255E4EA77C78}.Debug|Any CPU.ActiveCfg = Debug|Any CPU
		{F37E603C-6F72-421D-8BAD-255E4EA77C78}.Debug|Any CPU.Build.0 = Debug|Any CPU
		{F37E603C-6F72-421D-8BAD-255E4EA77C78}.Release|Any CPU.ActiveCfg = Release|Any CPU
		{F37E603C-6F72-421D-8BAD-255E4EA77C78}.Release|Any CPU.Build.0 = Release|Any CPU
		{FEA59478-71F6-41AC-A0BB-0FE8F1C195D9}.Debug|Any CPU.ActiveCfg = Debug|Any CPU
		{FEA59478-71F6-41AC-A0BB-0FE8F1C195D9}.Debug|Any CPU.Build.0 = Debug|Any CPU
		{FEA59478-71F6-41AC-A0BB-0FE8F1C195D9}.Release|Any CPU.ActiveCfg = Release|Any CPU
		{FEA59478-71F6-41AC-A0BB-0FE8F1C195D9}.Release|Any CPU.Build.0 = Release|Any CPU
	EndGlobalSection
	GlobalSection(SolutionProperties) = preSolution
		HideSolutionNode = FALSE
	EndGlobalSection
	GlobalSection(ExtensibilityGlobals) = postSolution
		SolutionGuid = {62AA5E04-80CF-4893-81C4-C6E404C63234}
	EndGlobalSection
EndGlobal
