
Microsoft Visual Studio Solution File, Format Version 12.00
# Visual Studio Version 17
VisualStudioVersion = 17.9.34728.123
MinimumVisualStudioVersion = 10.0.40219.1
Project("{FAE04EC0-301F-11D3-BF4B-00C04F79EFBC}") = "BusinessObjects", "BusinessObjects\BusinessObjects.csproj", "{D5504F7A-04E6-4D2E-9491-C460C75F65C7}"
EndProject
Project("{FAE04EC0-301F-11D3-BF4B-00C04F79EFBC}") = "DataAccessLayer", "DataAccessLayer\DataAccessLayer.csproj", "{856AA242-4A1B-4A2D-A73A-BDE53CD9C7CC}"
EndProject
Project("{FAE04EC0-301F-11D3-BF4B-00C04F79EFBC}") = "Repositories", "Repositories\Repositories.csproj", "{39E7688E-EF50-4199-9707-23FB3CE8ECD1}"
EndProject
Project("{FAE04EC0-301F-11D3-BF4B-00C04F79EFBC}") = "Services", "Services\Services.csproj", "{144AE814-E4D4-4A4A-AA56-4EBB4D5191C0}"
EndProject
Project("{FAE04EC0-301F-11D3-BF4B-00C04F79EFBC}") = "WPFApp", "WPFApp\WPFApp.csproj", "{FE0AAA9B-0BF3-437D-83C8-3AB8CF5D8FE8}"
EndProject
Global
	GlobalSection(SolutionConfigurationPlatforms) = preSolution
		Debug|Any CPU = Debug|Any CPU
		Release|Any CPU = Release|Any CPU
	EndGlobalSection
	GlobalSection(ProjectConfigurationPlatforms) = postSolution
		{D5504F7A-04E6-4D2E-9491-C460C75F65C7}.Debug|Any CPU.ActiveCfg = Debug|Any CPU
		{D5504F7A-04E6-4D2E-9491-C460C75F65C7}.Debug|Any CPU.Build.0 = Debug|Any CPU
		{D5504F7A-04E6-4D2E-9491-C460C75F65C7}.Release|Any CPU.ActiveCfg = Release|Any CPU
		{D5504F7A-04E6-4D2E-9491-C460C75F65C7}.Release|Any CPU.Build.0 = Release|Any CPU
		{856AA242-4A1B-4A2D-A73A-BDE53CD9C7CC}.Debug|Any CPU.ActiveCfg = Debug|Any CPU
		{856AA242-4A1B-4A2D-A73A-BDE53CD9C7CC}.Debug|Any CPU.Build.0 = Debug|Any CPU
		{856AA242-4A1B-4A2D-A73A-BDE53CD9C7CC}.Release|Any CPU.ActiveCfg = Release|Any CPU
		{856AA242-4A1B-4A2D-A73A-BDE53CD9C7CC}.Release|Any CPU.Build.0 = Release|Any CPU
		{39E7688E-EF50-4199-9707-23FB3CE8ECD1}.Debug|Any CPU.ActiveCfg = Debug|Any CPU
		{39E7688E-EF50-4199-9707-23FB3CE8ECD1}.Debug|Any CPU.Build.0 = Debug|Any CPU
		{39E7688E-EF50-4199-9707-23FB3CE8ECD1}.Release|Any CPU.ActiveCfg = Release|Any CPU
		{39E7688E-EF50-4199-9707-23FB3CE8ECD1}.Release|Any CPU.Build.0 = Release|Any CPU
		{144AE814-E4D4-4A4A-AA56-4EBB4D5191C0}.Debug|Any CPU.ActiveCfg = Debug|Any CPU
		{144AE814-E4D4-4A4A-AA56-4EBB4D5191C0}.Debug|Any CPU.Build.0 = Debug|Any CPU
		{144AE814-E4D4-4A4A-AA56-4EBB4D5191C0}.Release|Any CPU.ActiveCfg = Release|Any CPU
		{144AE814-E4D4-4A4A-AA56-4EBB4D5191C0}.Release|Any CPU.Build.0 = Release|Any CPU
		{FE0AAA9B-0BF3-437D-83C8-3AB8CF5D8FE8}.Debug|Any CPU.ActiveCfg = Debug|Any CPU
		{FE0AAA9B-0BF3-437D-83C8-3AB8CF5D8FE8}.Debug|Any CPU.Build.0 = Debug|Any CPU
		{FE0AAA9B-0BF3-437D-83C8-3AB8CF5D8FE8}.Release|Any CPU.ActiveCfg = Release|Any CPU
		{FE0AAA9B-0BF3-437D-83C8-3AB8CF5D8FE8}.Release|Any CPU.Build.0 = Release|Any CPU
	EndGlobalSection
	GlobalSection(SolutionProperties) = preSolution
		HideSolutionNode = FALSE
	EndGlobalSection
	GlobalSection(ExtensibilityGlobals) = postSolution
		SolutionGuid = {9C73AE8D-8293-46DF-AD23-733A6F3A2E76}
	EndGlobalSection
EndGlobal
